
Microsoft Visual Studio Solution File, Format Version 12.00
# Visual Studio 2015
Project("{FAE04EC0-301F-11D3-BF4B-00C04F79EFBC}") = "RecognizeGesture", "RecognizeGesture.csproj", "{4950C6B4-8AAF-CBD3-C6CD-9E8F1ACDA786}"
EndProject
Project("{FAE04EC0-301F-11D3-BF4B-00C04F79EFBC}") = "RecognizeGesture.Editor", "RecognizeGesture.Editor.csproj", "{D419AE73-8682-9193-6207-300DD306DFA6}"
EndProject
Global
	GlobalSection(SolutionConfigurationPlatforms) = preSolution
		Debug|Any CPU = Debug|Any CPU
		Release|Any CPU = Release|Any CPU
	EndGlobalSection
	GlobalSection(ProjectConfigurationPlatforms) = postSolution
		{4950C6B4-8AAF-CBD3-C6CD-9E8F1ACDA786}.Debug|Any CPU.ActiveCfg = Debug|Any CPU
		{4950C6B4-8AAF-CBD3-C6CD-9E8F1ACDA786}.Debug|Any CPU.Build.0 = Debug|Any CPU
		{4950C6B4-8AAF-CBD3-C6CD-9E8F1ACDA786}.Release|Any CPU.ActiveCfg = Release|Any CPU
		{4950C6B4-8AAF-CBD3-C6CD-9E8F1ACDA786}.Release|Any CPU.Build.0 = Release|Any CPU
		{D419AE73-8682-9193-6207-300DD306DFA6}.Debug|Any CPU.ActiveCfg = Debug|Any CPU
		{D419AE73-8682-9193-6207-300DD306DFA6}.Debug|Any CPU.Build.0 = Debug|Any CPU
		{D419AE73-8682-9193-6207-300DD306DFA6}.Release|Any CPU.ActiveCfg = Release|Any CPU
		{D419AE73-8682-9193-6207-300DD306DFA6}.Release|Any CPU.Build.0 = Release|Any CPU
	EndGlobalSection
	GlobalSection(SolutionProperties) = preSolution
		HideSolutionNode = FALSE
	EndGlobalSection
EndGlobal
